// !$*UTF8*$!
{
	archiveVersion = 1;
	classes = {
	};
	objectVersion = 46;
	objects = {

/* Begin PBXBuildFile section */
		504927051B56B2E6003623D7 /* main.m in Sources */ = {isa = PBXBuildFile; fileRef = 504927041B56B2E6003623D7 /* main.m */; };
		504927081B56B2E6003623D7 /* AppDelegate.m in Sources */ = {isa = PBXBuildFile; fileRef = 504927071B56B2E6003623D7 /* AppDelegate.m */; };
		5049270B1B56B2E6003623D7 /* MasterViewController.m in Sources */ = {isa = PBXBuildFile; fileRef = 5049270A1B56B2E6003623D7 /* MasterViewController.m */; };
		5049270E1B56B2E6003623D7 /* DetailViewController.m in Sources */ = {isa = PBXBuildFile; fileRef = 5049270D1B56B2E6003623D7 /* DetailViewController.m */; };
		504927111B56B2E6003623D7 /* Main.storyboard in Resources */ = {isa = PBXBuildFile; fileRef = 5049270F1B56B2E6003623D7 /* Main.storyboard */; };
		504927131B56B2E6003623D7 /* Images.xcassets in Resources */ = {isa = PBXBuildFile; fileRef = 504927121B56B2E6003623D7 /* Images.xcassets */; };
		504927161B56B2E6003623D7 /* LaunchScreen.xib in Resources */ = {isa = PBXBuildFile; fileRef = 504927141B56B2E6003623D7 /* LaunchScreen.xib */; };
		504927221B56B2E6003623D7 /* ToDoListTests.m in Sources */ = {isa = PBXBuildFile; fileRef = 504927211B56B2E6003623D7 /* ToDoListTests.m */; };
		5049272D1B56B327003623D7 /* ToDo.m in Sources */ = {isa = PBXBuildFile; fileRef = 5049272C1B56B327003623D7 /* ToDo.m */; };
		504927301B56B612003623D7 /* ToDoList.m in Sources */ = {isa = PBXBuildFile; fileRef = 5049272F1B56B612003623D7 /* ToDoList.m */; };
		504927331B56BA25003623D7 /* CustomTableViewCell.m in Sources */ = {isa = PBXBuildFile; fileRef = 504927321B56BA25003623D7 /* CustomTableViewCell.m */; };
/* End PBXBuildFile section */

/* Begin PBXContainerItemProxy section */
		5049271C1B56B2E6003623D7 /* PBXContainerItemProxy */ = {
			isa = PBXContainerItemProxy;
			containerPortal = 504926F71B56B2E6003623D7 /* Project object */;
			proxyType = 1;
			remoteGlobalIDString = 504926FE1B56B2E6003623D7;
			remoteInfo = ToDoList;
		};
/* End PBXContainerItemProxy section */

/* Begin PBXFileReference section */
		504926FF1B56B2E6003623D7 /* ToDoList.app */ = {isa = PBXFileReference; explicitFileType = wrapper.application; includeInIndex = 0; path = ToDoList.app; sourceTree = BUILT_PRODUCTS_DIR; };
		504927031B56B2E6003623D7 /* Info.plist */ = {isa = PBXFileReference; lastKnownFileType = text.plist.xml; path = Info.plist; sourceTree = "<group>"; };
		504927041B56B2E6003623D7 /* main.m */ = {isa = PBXFileReference; lastKnownFileType = sourcecode.c.objc; path = main.m; sourceTree = "<group>"; };
		504927061B56B2E6003623D7 /* AppDelegate.h */ = {isa = PBXFileReference; lastKnownFileType = sourcecode.c.h; path = AppDelegate.h; sourceTree = "<group>"; };
		504927071B56B2E6003623D7 /* AppDelegate.m */ = {isa = PBXFileReference; lastKnownFileType = sourcecode.c.objc; path = AppDelegate.m; sourceTree = "<group>"; };
		504927091B56B2E6003623D7 /* MasterViewController.h */ = {isa = PBXFileReference; lastKnownFileType = sourcecode.c.h; path = MasterViewController.h; sourceTree = "<group>"; };
		5049270A1B56B2E6003623D7 /* MasterViewController.m */ = {isa = PBXFileReference; lastKnownFileType = sourcecode.c.objc; path = MasterViewController.m; sourceTree = "<group>"; };
		5049270C1B56B2E6003623D7 /* DetailViewController.h */ = {isa = PBXFileReference; lastKnownFileType = sourcecode.c.h; path = DetailViewController.h; sourceTree = "<group>"; };
		5049270D1B56B2E6003623D7 /* DetailViewController.m */ = {isa = PBXFileReference; lastKnownFileType = sourcecode.c.objc; path = DetailViewController.m; sourceTree = "<group>"; };
		504927101B56B2E6003623D7 /* Base */ = {isa = PBXFileReference; lastKnownFileType = file.storyboard; name = Base; path = Base.lproj/Main.storyboard; sourceTree = "<group>"; };
		504927121B56B2E6003623D7 /* Images.xcassets */ = {isa = PBXFileReference; lastKnownFileType = folder.assetcatalog; path = Images.xcassets; sourceTree = "<group>"; };
		504927151B56B2E6003623D7 /* Base */ = {isa = PBXFileReference; lastKnownFileType = file.xib; name = Base; path = Base.lproj/LaunchScreen.xib; sourceTree = "<group>"; };
		5049271B1B56B2E6003623D7 /* ToDoListTests.xctest */ = {isa = PBXFileReference; explicitFileType = wrapper.cfbundle; includeInIndex = 0; path = ToDoListTests.xctest; sourceTree = BUILT_PRODUCTS_DIR; };
		504927201B56B2E6003623D7 /* Info.plist */ = {isa = PBXFileReference; lastKnownFileType = text.plist.xml; path = Info.plist; sourceTree = "<group>"; };
		504927211B56B2E6003623D7 /* ToDoListTests.m */ = {isa = PBXFileReference; lastKnownFileType = sourcecode.c.objc; path = ToDoListTests.m; sourceTree = "<group>"; };
		5049272B1B56B327003623D7 /* ToDo.h */ = {isa = PBXFileReference; fileEncoding = 4; lastKnownFileType = sourcecode.c.h; path = ToDo.h; sourceTree = "<group>"; };
		5049272C1B56B327003623D7 /* ToDo.m */ = {isa = PBXFileReference; fileEncoding = 4; lastKnownFileType = sourcecode.c.objc; path = ToDo.m; sourceTree = "<group>"; };
		5049272E1B56B612003623D7 /* ToDoList.h */ = {isa = PBXFileReference; fileEncoding = 4; lastKnownFileType = sourcecode.c.h; path = ToDoList.h; sourceTree = "<group>"; };
		5049272F1B56B612003623D7 /* ToDoList.m */ = {isa = PBXFileReference; fileEncoding = 4; lastKnownFileType = sourcecode.c.objc; path = ToDoList.m; sourceTree = "<group>"; };
		504927311B56BA25003623D7 /* CustomTableViewCell.h */ = {isa = PBXFileReference; fileEncoding = 4; lastKnownFileType = sourcecode.c.h; path = CustomTableViewCell.h; sourceTree = "<group>"; };
		504927321B56BA25003623D7 /* CustomTableViewCell.m */ = {isa = PBXFileReference; fileEncoding = 4; lastKnownFileType = sourcecode.c.objc; path = CustomTableViewCell.m; sourceTree = "<group>"; };
/* End PBXFileReference section */

/* Begin PBXFrameworksBuildPhase section */
		504926FC1B56B2E6003623D7 /* Frameworks */ = {
			isa = PBXFrameworksBuildPhase;
			buildActionMask = 2147483647;
			files = (
			);
			runOnlyForDeploymentPostprocessing = 0;
		};
		504927181B56B2E6003623D7 /* Frameworks */ = {
			isa = PBXFrameworksBuildPhase;
			buildActionMask = 2147483647;
			files = (
			);
			runOnlyForDeploymentPostprocessing = 0;
		};
/* End PBXFrameworksBuildPhase section */

/* Begin PBXGroup section */
		504926F61B56B2E6003623D7 = {
			isa = PBXGroup;
			children = (
				504927011B56B2E6003623D7 /* ToDoList */,
				5049271E1B56B2E6003623D7 /* ToDoListTests */,
				504927001B56B2E6003623D7 /* Products */,
			);
			sourceTree = "<group>";
		};
		504927001B56B2E6003623D7 /* Products */ = {
			isa = PBXGroup;
			children = (
				504926FF1B56B2E6003623D7 /* ToDoList.app */,
				5049271B1B56B2E6003623D7 /* ToDoListTests.xctest */,
			);
			name = Products;
			sourceTree = "<group>";
		};
		504927011B56B2E6003623D7 /* ToDoList */ = {
			isa = PBXGroup;
			children = (
				504927061B56B2E6003623D7 /* AppDelegate.h */,
				504927071B56B2E6003623D7 /* AppDelegate.m */,
				504927091B56B2E6003623D7 /* MasterViewController.h */,
				5049270A1B56B2E6003623D7 /* MasterViewController.m */,
				5049270C1B56B2E6003623D7 /* DetailViewController.h */,
				5049270D1B56B2E6003623D7 /* DetailViewController.m */,
				5049272B1B56B327003623D7 /* ToDo.h */,
				5049272C1B56B327003623D7 /* ToDo.m */,
				5049272E1B56B612003623D7 /* ToDoList.h */,
				5049272F1B56B612003623D7 /* ToDoList.m */,
				504927311B56BA25003623D7 /* CustomTableViewCell.h */,
				504927321B56BA25003623D7 /* CustomTableViewCell.m */,
				5049270F1B56B2E6003623D7 /* Main.storyboard */,
				504927121B56B2E6003623D7 /* Images.xcassets */,
				504927141B56B2E6003623D7 /* LaunchScreen.xib */,
				504927021B56B2E6003623D7 /* Supporting Files */,
			);
			path = ToDoList;
			sourceTree = "<group>";
		};
		504927021B56B2E6003623D7 /* Supporting Files */ = {
			isa = PBXGroup;
			children = (
				504927031B56B2E6003623D7 /* Info.plist */,
				504927041B56B2E6003623D7 /* main.m */,
			);
			name = "Supporting Files";
			sourceTree = "<group>";
		};
		5049271E1B56B2E6003623D7 /* ToDoListTests */ = {
			isa = PBXGroup;
			children = (
				504927211B56B2E6003623D7 /* ToDoListTests.m */,
				5049271F1B56B2E6003623D7 /* Supporting Files */,
			);
			path = ToDoListTests;
			sourceTree = "<group>";
		};
		5049271F1B56B2E6003623D7 /* Supporting Files */ = {
			isa = PBXGroup;
			children = (
				504927201B56B2E6003623D7 /* Info.plist */,
			);
			name = "Supporting Files";
			sourceTree = "<group>";
		};
/* End PBXGroup section */

/* Begin PBXNativeTarget section */
		504926FE1B56B2E6003623D7 /* ToDoList */ = {
			isa = PBXNativeTarget;
			buildConfigurationList = 504927251B56B2E6003623D7 /* Build configuration list for PBXNativeTarget "ToDoList" */;
			buildPhases = (
				504926FB1B56B2E6003623D7 /* Sources */,
				504926FC1B56B2E6003623D7 /* Frameworks */,
				504926FD1B56B2E6003623D7 /* Resources */,
			);
			buildRules = (
			);
			dependencies = (
			);
			name = ToDoList;
			productName = ToDoList;
			productReference = 504926FF1B56B2E6003623D7 /* ToDoList.app */;
			productType = "com.apple.product-type.application";
		};
		5049271A1B56B2E6003623D7 /* ToDoListTests */ = {
			isa = PBXNativeTarget;
			buildConfigurationList = 504927281B56B2E6003623D7 /* Build configuration list for PBXNativeTarget "ToDoListTests" */;
			buildPhases = (
				504927171B56B2E6003623D7 /* Sources */,
				504927181B56B2E6003623D7 /* Frameworks */,
				504927191B56B2E6003623D7 /* Resources */,
			);
			buildRules = (
			);
			dependencies = (
				5049271D1B56B2E6003623D7 /* PBXTargetDependency */,
			);
			name = ToDoListTests;
			productName = ToDoListTests;
			productReference = 5049271B1B56B2E6003623D7 /* ToDoListTests.xctest */;
			productType = "com.apple.product-type.bundle.unit-test";
		};
/* End PBXNativeTarget section */

/* Begin PBXProject section */
		504926F71B56B2E6003623D7 /* Project object */ = {
			isa = PBXProject;
			attributes = {
				LastUpgradeCheck = 0630;
				ORGANIZATIONNAME = ASolo;
				TargetAttributes = {
					504926FE1B56B2E6003623D7 = {
						CreatedOnToolsVersion = 6.3.2;
					};
					5049271A1B56B2E6003623D7 = {
						CreatedOnToolsVersion = 6.3.2;
						TestTargetID = 504926FE1B56B2E6003623D7;
					};
				};
			};
			buildConfigurationList = 504926FA1B56B2E6003623D7 /* Build configuration list for PBXProject "ToDoList" */;
			compatibilityVersion = "Xcode 3.2";
			developmentRegion = English;
			hasScannedForEncodings = 0;
			knownRegions = (
				en,
				Base,
			);
			mainGroup = 504926F61B56B2E6003623D7;
			productRefGroup = 504927001B56B2E6003623D7 /* Products */;
			projectDirPath = "";
			projectRoot = "";
			targets = (
				504926FE1B56B2E6003623D7 /* ToDoList */,
				5049271A1B56B2E6003623D7 /* ToDoListTests */,
			);
		};
/* End PBXProject section */

/* Begin PBXResourcesBuildPhase section */
		504926FD1B56B2E6003623D7 /* Resources */ = {
			isa = PBXResourcesBuildPhase;
			buildActionMask = 2147483647;
			files = (
				504927111B56B2E6003623D7 /* Main.storyboard in Resources */,
				504927161B56B2E6003623D7 /* LaunchScreen.xib in Resources */,
				504927131B56B2E6003623D7 /* Images.xcassets in Resources */,
			);
			runOnlyForDeploymentPostprocessing = 0;
		};
		504927191B56B2E6003623D7 /* Resources */ = {
			isa = PBXResourcesBuildPhase;
			buildActionMask = 2147483647;
			files = (
			);
			runOnlyForDeploymentPostprocessing = 0;
		};
/* End PBXResourcesBuildPhase section */

/* Begin PBXSourcesBuildPhase section */
		504926FB1B56B2E6003623D7 /* Sources */ = {
			isa = PBXSourcesBuildPhase;
			buildActionMask = 2147483647;
			files = (
				5049272D1B56B327003623D7 /* ToDo.m in Sources */,
				504927331B56BA25003623D7 /* CustomTableViewCell.m in Sources */,
				504927081B56B2E6003623D7 /* AppDelegate.m in Sources */,
				5049270B1B56B2E6003623D7 /* MasterViewController.m in Sources */,
				504927301B56B612003623D7 /* ToDoList.m in Sources */,
				504927051B56B2E6003623D7 /* main.m in Sources */,
				5049270E1B56B2E6003623D7 /* DetailViewController.m in Sources */,
			);
			runOnlyForDeploymentPostprocessing = 0;
		};
		504927171B56B2E6003623D7 /* Sources */ = {
			isa = PBXSourcesBuildPhase;
			buildActionMask = 2147483647;
			files = (
				504927221B56B2E6003623D7 /* ToDoListTests.m in Sources */,
			);
			runOnlyForDeploymentPostprocessing = 0;
		};
/* End PBXSourcesBuildPhase section */

/* Begin PBXTargetDependency section */
		5049271D1B56B2E6003623D7 /* PBXTargetDependency */ = {
			isa = PBXTargetDependency;
			target = 504926FE1B56B2E6003623D7 /* ToDoList */;
			targetProxy = 5049271C1B56B2E6003623D7 /* PBXContainerItemProxy */;
		};
/* End PBXTargetDependency section */

/* Begin PBXVariantGroup section */
		5049270F1B56B2E6003623D7 /* Main.storyboard */ = {
			isa = PBXVariantGroup;
			children = (
				504927101B56B2E6003623D7 /* Base */,
			);
			name = Main.storyboard;
			sourceTree = "<group>";
		};
		504927141B56B2E6003623D7 /* LaunchScreen.xib */ = {
			isa = PBXVariantGroup;
			children = (
				504927151B56B2E6003623D7 /* Base */,
			);
			name = LaunchScreen.xib;
			sourceTree = "<group>";
		};
/* End PBXVariantGroup section */

/* Begin XCBuildConfiguration section */
		504927231B56B2E6003623D7 /* Debug */ = {
			isa = XCBuildConfiguration;
			buildSettings = {
				ALWAYS_SEARCH_USER_PATHS = NO;
				CLANG_CXX_LANGUAGE_STANDARD = "gnu++0x";
				CLANG_CXX_LIBRARY = "libc++";
				CLANG_ENABLE_MODULES = YES;
				CLANG_ENABLE_OBJC_ARC = YES;
				CLANG_WARN_BOOL_CONVERSION = YES;
				CLANG_WARN_CONSTANT_CONVERSION = YES;
				CLANG_WARN_DIRECT_OBJC_ISA_USAGE = YES_ERROR;
				CLANG_WARN_EMPTY_BODY = YES;
				CLANG_WARN_ENUM_CONVERSION = YES;
				CLANG_WARN_INT_CONVERSION = YES;
				CLANG_WARN_OBJC_ROOT_CLASS = YES_ERROR;
				CLANG_WARN_UNREACHABLE_CODE = YES;
				CLANG_WARN__DUPLICATE_METHOD_MATCH = YES;
				"CODE_SIGN_IDENTITY[sdk=iphoneos*]" = "iPhone Developer";
				COPY_PHASE_STRIP = NO;
				DEBUG_INFORMATION_FORMAT = "dwarf-with-dsym";
				ENABLE_STRICT_OBJC_MSGSEND = YES;
				GCC_C_LANGUAGE_STANDARD = gnu99;
				GCC_DYNAMIC_NO_PIC = NO;
				GCC_NO_COMMON_BLOCKS = YES;
				GCC_OPTIMIZATION_LEVEL = 0;
				GCC_PREPROCESSOR_DEFINITIONS = (
					"DEBUG=1",
					"$(inherited)",
				);
				GCC_SYMBOLS_PRIVATE_EXTERN = NO;
				GCC_WARN_64_TO_32_BIT_CONVERSION = YES;
				GCC_WARN_ABOUT_RETURN_TYPE = YES_ERROR;
				GCC_WARN_UNDECLARED_SELECTOR = YES;
				GCC_WARN_UNINITIALIZED_AUTOS = YES_AGGRESSIVE;
				GCC_WARN_UNUSED_FUNCTION = YES;
				GCC_WARN_UNUSED_VARIABLE = YES;
				IPHONEOS_DEPLOYMENT_TARGET = 8.3;
				MTL_ENABLE_DEBUG_INFO = YES;
				ONLY_ACTIVE_ARCH = YES;
				SDKROOT = iphoneos;
			};
			name = Debug;
		};
		504927241B56B2E6003623D7 /* Release */ = {
			isa = XCBuildConfiguration;
			buildSettings = {
				ALWAYS_SEARCH_USER_PATHS = NO;
				CLANG_CXX_LANGUAGE_STANDARD = "gnu++0x";
				CLANG_CXX_LIBRARY = "libc++";
				CLANG_ENABLE_MODULES = YES;
				CLANG_ENABLE_OBJC_ARC = YES;
				CLANG_WARN_BOOL_CONVERSION = YES;
				CLANG_WARN_CONSTANT_CONVERSION = YES;
				CLANG_WARN_DIRECT_OBJC_ISA_USAGE = YES_ERROR;
				CLANG_WARN_EMPTY_BODY = YES;
				CLANG_WARN_ENUM_CONVERSION = YES;
				CLANG_WARN_INT_CONVERSION = YES;
				CLANG_WARN_OBJC_ROOT_CLASS = YES_ERROR;
				CLANG_WARN_UNREACHABLE_CODE = YES;
				CLANG_WARN__DUPLICATE_METHOD_MATCH = YES;
				"CODE_SIGN_IDENTITY[sdk=iphoneos*]" = "iPhone Developer";
				COPY_PHASE_STRIP = NO;
				DEBUG_INFORMATION_FORMAT = "dwarf-with-dsym";
				ENABLE_NS_ASSERTIONS = NO;
				ENABLE_STRICT_OBJC_MSGSEND = YES;
				GCC_C_LANGUAGE_STANDARD = gnu99;
				GCC_NO_COMMON_BLOCKS = YES;
				GCC_WARN_64_TO_32_BIT_CONVERSION = YES;
				GCC_WARN_ABOUT_RETURN_TYPE = YES_ERROR;
				GCC_WARN_UNDECLARED_SELECTOR = YES;
				GCC_WARN_UNINITIALIZED_AUTOS = YES_AGGRESSIVE;
				GCC_WARN_UNUSED_FUNCTION = YES;
				GCC_WARN_UNUSED_VARIABLE = YES;
				IPHONEOS_DEPLOYMENT_TARGET = 8.3;
				MTL_ENABLE_DEBUG_INFO = NO;
				SDKROOT = iphoneos;
				VALIDATE_PRODUCT = YES;
			};
			name = Release;
		};
		504927261B56B2E6003623D7 /* Debug */ = {
			isa = XCBuildConfiguration;
			buildSettings = {
				ASSETCATALOG_COMPILER_APPICON_NAME = AppIcon;
				INFOPLIST_FILE = ToDoList/Info.plist;
				LD_RUNPATH_SEARCH_PATHS = "$(inherited) @executable_path/Frameworks";
				PRODUCT_NAME = "$(TARGET_NAME)";
			};
			name = Debug;
		};
		504927271B56B2E6003623D7 /* Release */ = {
			isa = XCBuildConfiguration;
			buildSettings = {
				ASSETCATALOG_COMPILER_APPICON_NAME = AppIcon;
				INFOPLIST_FILE = ToDoList/Info.plist;
				LD_RUNPATH_SEARCH_PATHS = "$(inherited) @executable_path/Frameworks";
				PRODUCT_NAME = "$(TARGET_NAME)";
			};
			name = Release;
		};
		504927291B56B2E6003623D7 /* Debug */ = {
			isa = XCBuildConfiguration;
			buildSettings = {
				BUNDLE_LOADER = "$(TEST_HOST)";
				FRAMEWORK_SEARCH_PATHS = (
					"$(SDKROOT)/Developer/Library/Frameworks",
					"$(inherited)",
				);
				GCC_PREPROCESSOR_DEFINITIONS = (
					"DEBUG=1",
					"$(inherited)",
				);
				INFOPLIST_FILE = ToDoListTests/Info.plist;
				LD_RUNPATH_SEARCH_PATHS = "$(inherited) @executable_path/Frameworks @loader_path/Frameworks";
				PRODUCT_NAME = "$(TARGET_NAME)";
				TEST_HOST = "$(BUILT_PRODUCTS_DIR)/ToDoList.app/ToDoList";
			};
			name = Debug;
		};
		5049272A1B56B2E6003623D7 /* Release */ = {
			isa = XCBuildConfiguration;
			buildSettings = {
				BUNDLE_LOADER = "$(TEST_HOST)";
				FRAMEWORK_SEARCH_PATHS = (
					"$(SDKROOT)/Developer/Library/Frameworks",
					"$(inherited)",
				);
				INFOPLIST_FILE = ToDoListTests/Info.plist;
				LD_RUNPATH_SEARCH_PATHS = "$(inherited) @executable_path/Frameworks @loader_path/Frameworks";
				PRODUCT_NAME = "$(TARGET_NAME)";
				TEST_HOST = "$(BUILT_PRODUCTS_DIR)/ToDoList.app/ToDoList";
			};
			name = Release;
		};
/* End XCBuildConfiguration section */

/* Begin XCConfigurationList section */
		504926FA1B56B2E6003623D7 /* Build configuration list for PBXProject "ToDoList" */ = {
			isa = XCConfigurationList;
			buildConfigurations = (
				504927231B56B2E6003623D7 /* Debug */,
				504927241B56B2E6003623D7 /* Release */,
			);
			defaultConfigurationIsVisible = 0;
			defaultConfigurationName = Release;
		};
		504927251B56B2E6003623D7 /* Build configuration list for PBXNativeTarget "ToDoList" */ = {
			isa = XCConfigurationList;
			buildConfigurations = (
				504927261B56B2E6003623D7 /* Debug */,
				504927271B56B2E6003623D7 /* Release */,
			);
			defaultConfigurationIsVisible = 0;
		};
		504927281B56B2E6003623D7 /* Build configuration list for PBXNativeTarget "ToDoListTests" */ = {
			isa = XCConfigurationList;
			buildConfigurations = (
				504927291B56B2E6003623D7 /* Debug */,
				5049272A1B56B2E6003623D7 /* Release */,
			);
			defaultConfigurationIsVisible = 0;
		};
/* End XCConfigurationList section */
	};
	rootObject = 504926F71B56B2E6003623D7 /* Project object */;
}
